
Microsoft Visual Studio Solution File, Format Version 12.00
# Visual Studio 14
VisualStudioVersion = 14.0.25420.1
MinimumVisualStudioVersion = 10.0.40219.1
Project("{FAE04EC0-301F-11D3-BF4B-00C04F79EFBC}") = "ZSZ.common", "ZSZ.common\ZSZ.common.csproj", "{2953DAAC-ADE8-4AD4-858E-A8827499786D}"
EndProject
Project("{FAE04EC0-301F-11D3-BF4B-00C04F79EFBC}") = "ZSZ.test", "ZSZ.test\ZSZ.test.csproj", "{FC89F0A1-B893-426B-A63B-90FF6A0C9BFC}"
EndProject
Global
	GlobalSection(SolutionConfigurationPlatforms) = preSolution
		Debug|Any CPU = Debug|Any CPU
		Release|Any CPU = Release|Any CPU
	EndGlobalSection
	GlobalSection(ProjectConfigurationPlatforms) = postSolution
		{2953DAAC-ADE8-4AD4-858E-A8827499786D}.Debug|Any CPU.ActiveCfg = Debug|Any CPU
		{2953DAAC-ADE8-4AD4-858E-A8827499786D}.Debug|Any CPU.Build.0 = Debug|Any CPU
		{2953DAAC-ADE8-4AD4-858E-A8827499786D}.Release|Any CPU.ActiveCfg = Release|Any CPU
		{2953DAAC-ADE8-4AD4-858E-A8827499786D}.Release|Any CPU.Build.0 = Release|Any CPU
		{FC89F0A1-B893-426B-A63B-90FF6A0C9BFC}.Debug|Any CPU.ActiveCfg = Debug|Any CPU
		{FC89F0A1-B893-426B-A63B-90FF6A0C9BFC}.Debug|Any CPU.Build.0 = Debug|Any CPU
		{FC89F0A1-B893-426B-A63B-90FF6A0C9BFC}.Release|Any CPU.ActiveCfg = Release|Any CPU
		{FC89F0A1-B893-426B-A63B-90FF6A0C9BFC}.Release|Any CPU.Build.0 = Release|Any CPU
	EndGlobalSection
	GlobalSection(SolutionProperties) = preSolution
		HideSolutionNode = FALSE
	EndGlobalSection
EndGlobal
